hash: 72cce248c61fcd2aeb705fdfc7651d6209652785233c51db759c026cb056c746
updated: 2016-02-04T15:41:25.032836149-07:00
imports:
- name: git.eclipse.org/gitroot/paho/org.eclipse.paho.mqtt.golang.git
  version: dbd8d5c40a582eb9adacde36b47932b3a3ad0034
  subpackages:
  - packets
- name: github.com/amir/raidman
  version: 6a8e089bbe32e6b907feae5ba688841974b3c339
  subpackages:
  - proto
- name: github.com/armon/go-metrics
  version: 345426c77237ece5dab0e1605c3e4b35c3f54757
- name: github.com/aws/aws-sdk-go
  version: 3ad0b07b44c22c21c734d1094981540b7a11e942
  subpackages:
  - aws
  - aws/credentials
  - aws/credentials/ec2rolecreds
  - aws/ec2metadata
  - aws/session
  - service/cloudwatch
  - service/kinesis
  - aws/awserr
  - aws/client
  - aws/client/metadata
  - aws/request
  - aws/corehandlers
  - aws/defaults
  - private/endpoints
  - aws/awsutil
  - private/protocol/query
  - private/signer/v4
  - private/protocol/jsonrpc
  - private/waiter
  - private/protocol/query/queryutil
  - private/protocol/xml/xmlutil
  - private/protocol/rest
  - private/protocol/json/jsonutil
- name: github.com/beorn7/perks
  version: b965b613227fddccbfffe13eae360ed3fa822f8d
  subpackages:
  - quantile
- name: github.com/boltdb/bolt
  version: 6465994716bf6400605746e79224cf1e7ed68725
- name: github.com/cenkalti/backoff
  version: 4dc77674aceaabba2c7e3da25d4c823edfb73f99
- name: github.com/dancannon/gorethink
  version: ff457cac6a529d9749d841a733d76e8305cba3c8
  subpackages:
  - encoding
  - ql2
  - types
- name: github.com/davecgh/go-spew
  version: 5215b55f46b2b919f50a1df0eaa5886afe4e3b3d
  subpackages:
  - spew
- name: github.com/eapache/go-resiliency
  version: b86b1ec0dd4209a588dc1285cdd471e73525c0b3
  subpackages:
  - breaker
- name: github.com/eapache/queue
  version: ded5959c0d4e360646dc9e9908cff48666781367
- name: github.com/emicklei/go-restful
  version: abf32aacea4194d93badf851494b54a159daddd2
  subpackages:
  - swagger
  - log
- name: github.com/fsouza/go-dockerclient
  version: 6fb38e6bb3d544d7eb5b55fd396cd4e6850802d8
  subpackages:
  - external/github.com/docker/docker/opts
  - external/github.com/docker/docker/pkg/archive
  - external/github.com/docker/docker/pkg/fileutils
  - external/github.com/docker/docker/pkg/homedir
  - external/github.com/docker/docker/pkg/stdcopy
  - external/github.com/hashicorp/go-cleanhttp
  - external/github.com/Sirupsen/logrus
  - external/github.com/docker/docker/pkg/idtools
  - external/github.com/docker/docker/pkg/ioutils
  - external/github.com/docker/docker/pkg/pools
  - external/github.com/docker/docker/pkg/promise
  - external/github.com/docker/docker/pkg/system
  - external/github.com/opencontainers/runc/libcontainer/user
  - external/golang.org/x/net/context
- name: github.com/ghodss/yaml
  version: 73d445a93680fa1a78ae23a5839bad48f32ba1ee
- name: github.com/go-ini/ini
  version: afbd495e5aaea13597b5e14fe514ddeaa4d76fc3
- name: github.com/go-sql-driver/mysql
  version: 72ea5d0b32a04c67710bf63e97095d82aea5f352
- name: github.com/gogo/protobuf
  version: c57e439bad574c2e0877ff18d514badcfced004d
  subpackages:
  - proto
- name: github.com/golang/glog
  version: 23def4e6c14b4da8ac2ed8007337bc5eb5007998
- name: github.com/golang/protobuf
  version: 2402d76f3d41f928c7902a765dfc872356dd3aad
  subpackages:
  - proto
- name: github.com/golang/snappy
  version: 723cc1e459b8eea2dea4583200fd60757d40097a
- name: github.com/gonuts/go-shellquote
  version: e842a11b24c6abfb3dd27af69a17f482e4b483c2
- name: github.com/google/gofuzz
  version: fd52762d25a41827db7ef64c43756fd4b9f7e382
- name: github.com/gorilla/context
  version: 1c83b3eabd45b6d76072b66b746c20815fb2872d
- name: github.com/gorilla/mux
  version: 26a6070f849969ba72b72256e9f14cf519751690
- name: github.com/hailocab/go-hostpool
  version: 50839ee41f32bfca8d03a183031aa634b2dc1c64
- name: github.com/hashicorp/go-msgpack
  version: fa3f63826f7c23912c15263591e65d54d080b458
  subpackages:
  - codec
- name: github.com/hashicorp/raft
  version: b95f335efee1992886864389183ebda0c0a5d0f6
- name: github.com/hashicorp/raft-boltdb
  version: d1e82c1ec3f15ee991f7cc7ffd5b67ff6f5bbaee
- name: github.com/influxdata/config
  version: bae7cb98197d842374d3b8403905924094930f24
- name: github.com/influxdata/influxdb
  version: 0e0f85a0c1fd1788ae4f9145531b02c539cfa5b5
  subpackages:
  - client/v2
  - models
  - services/graphite
- name: github.com/influxdb/influxdb
  version: 0e0f85a0c1fd1788ae4f9145531b02c539cfa5b5
  subpackages:
  - models
  - pkg/escape
  - cluster
  - meta
  - monitor
  - toml
  - tsdb
  - cluster/internal
  - influxql
  - meta/internal
  - pkg/slices
  - tsdb/internal
- name: github.com/jchauncey/kubeclient
  version: 52ad51a76eed34f58589952b20b4a1d5928cdcd2
  subpackages:
  - api
  - client/unversioned
  - api/meta
  - api/resource
  - api/unversioned
  - auth/user
  - conversion
  - fields
  - labels
  - runtime
  - runtime/serializer
  - types
  - util
  - util/intstr
  - util/rand
  - util/sets
  - api/errors
  - api/v1
  - api/validation
  - apimachinery/registered
  - apis/extensions
  - client/transport
  - util/net
  - util/wait
  - version
  - watch
  - watch/json
  - third_party/forked/reflect
  - util/validation
  - conversion/queryparams
  - util/errors
  - runtime/serializer/json
  - runtime/serializer/recognizer
  - runtime/serializer/versioning
  - util/runtime
  - util/validation/field
  - util/parsers
  - api/util
  - capabilities
  - util/yaml
  - apimachinery
- name: github.com/jmespath/go-jmespath
  version: c01cf91b011868172fdcd9f41838e80c9d716264
- name: github.com/juju/ratelimit
  version: 77ed1c8a01217656d2080ad51981f6e99adaa177
- name: github.com/klauspost/crc32
  version: 999f3125931f6557b991b2f8472172bdfa578d38
- name: github.com/lib/pq
  version: 8ad2b298cadd691a77015666a5372eae5dbfac8f
  subpackages:
  - oid
- name: github.com/matttproud/golang_protobuf_extensions
  version: d0c3fe89de86839aecf2e0579c40ba3bb336a453
  subpackages:
  - pbutil
- name: github.com/mreiferson/go-snappystream
  version: 028eae7ab5c4c9e2d1cb4c4ca1e53259bbe7e504
  subpackages:
  - snappy-go
- name: github.com/naoina/go-stringutil
  version: 6b638e95a32d0c1131db0e7fe83775cbea4a0d0b
- name: github.com/naoina/toml
  version: 751171607256bb66e64c9f0220c00662420c38e9
  subpackages:
  - ast
- name: github.com/nsqio/go-nsq
  version: 2118015c120962edc5d03325c680daf3163a8b5f
- name: github.com/pborman/uuid
  version: dee7705ef7b324f27ceb85a121c61f2c2e8ce988
- name: github.com/pmezard/go-difflib
  version: 792786c7400a136282c1664665ae0a8db921c6c2
  subpackages:
  - difflib
- name: github.com/prometheus/client_golang
  version: 67994f177195311c3ea3d4407ed0175e34a4256f
  subpackages:
  - prometheus
- name: github.com/prometheus/client_model
  version: fa8ad6fec33561be4280a8f0514318c79d7f6cb6
  subpackages:
  - go
- name: github.com/prometheus/common
  version: 0a3005bb37bc411040083a55372e77c405f6464c
  subpackages:
  - expfmt
  - model
  - internal/bitbucket.org/ww/goautoneg
- name: github.com/prometheus/procfs
  version: 406e5b7bfd8201a36e2bb5f7bdae0b03380c2ce8
- name: github.com/samuel/go-zookeeper
  version: 218e9c81c0dd8b3b18172b2bbfad92cc7d6db55f
  subpackages:
  - zk
- name: github.com/shirou/gopsutil
  version: 8850f58d7035653e1ab90711481954c8ca1b9813
  subpackages:
  - cpu
  - disk
  - host
  - load
  - mem
  - net
  - process
  - internal/common
- name: github.com/Shopify/sarama
  version: d37c73f2b2bce85f7fa16b6a550d26c5372892ef
- name: github.com/Sirupsen/logrus
  version: f7f79f729e0fbe2fcc061db48a9ba0263f588252
- name: github.com/soniah/gosnmp
  version: b1b4f885b12c5dcbd021c5cee1c904110de6db7d
- name: github.com/spf13/pflag
  version: 7f60f83a2c81bc3c3c0d5297f61ddfa68da9d3b7
- name: github.com/streadway/amqp
  version: b4f3ceab0337f013208d31348b578d83c0064744
- name: github.com/stretchr/objx
  version: 1a9d0bb9f541897e62256577b352fdbc1fb4fd94
- name: github.com/stretchr/testify
  version: f390dcf405f7b83c997eac1b06768bb9f44dec18
  subpackages:
  - assert
  - mock
  - http
- name: github.com/ugorji/go
  version: 646ae4a518c1c3be0739df898118d9bccf993858
  subpackages:
  - codec
- name: github.com/wvanbergen/kafka
  version: 1a8639a45164fcc245d5c7b4bd3ccfbd1a0ffbf3
  subpackages:
  - consumergroup
- name: github.com/wvanbergen/kazoo-go
  version: 0f768712ae6f76454f987c3356177e138df258f8
- name: github.com/zensqlmonitor/go-mssqldb
  version: ffe5510c6fa5e15e6d983210ab501c815b56b363
- name: golang.org/x/crypto
  version: 3760e016850398b85094c4c99e955b8c3dea5711
  subpackages:
  - md4
  - bcrypt
  - blowfish
- name: golang.org/x/net
  version: 72aa00c6241a8013dc9b040abb45f57edbe73945
  subpackages:
  - html/charset
  - websocket
  - context
  - html
  - html/atom
- name: golang.org/x/text
  version: cf4986612c83df6c55578ba198316d1684a9a287
  subpackages:
  - encoding
  - encoding/charmap
  - encoding/htmlindex
  - transform
  - encoding/internal/identifier
  - encoding/internal
  - encoding/japanese
  - encoding/korean
  - encoding/simplifiedchinese
  - encoding/traditionalchinese
  - encoding/unicode
  - language
  - internal/utf8internal
  - runes
  - internal/tag
- name: gopkg.in/dancannon/gorethink.v1
  version: e2cef022d0495329dfb0635991de76efcab5cf50
- name: gopkg.in/fatih/pool.v2
  version: cba550ebf9bce999a02e963296d4bc7a486cb715
- name: gopkg.in/mgo.v2
  version: 03c9f3ee4c14c8e51ee521a6a7d0425658dd6f64
  subpackages:
  - bson
  - internal/scram
- name: gopkg.in/yaml.v2
  version: f7716cbe52baa25d2e9b0d0da546fcf909fc16b4
- name: speter.net/go/exp/math/dec/inf
  version: 42ca6cd68aa922bc3f32f1e056e61b65945d9ad7
devImports: []
