# This file is autogenerated, do not edit; changes may be undone by the next 'dep ensure'.


[[projects]]
  name = "cloud.google.com/go"
  packages = ["civil","compute/metadata","iam","internal/optional","internal/version","monitoring/apiv3","pubsub","pubsub/apiv1","pubsub/internal/distribution"]
  revision = "c728a003b238b26cef9ab6753a5dc424b331c3ad"
  version = "v0.27.0"

[[projects]]
  branch = "master"
  name = "code.cloudfoundry.org/clock"
  packages = ["."]
  revision = "02e53af36e6c978af692887ed449b74026d76fec"

[[projects]]
  name = "collectd.org"
  packages = ["api","cdtime","network"]
  revision = "2ce144541b8903101fb8f1483cc0497a68798122"
  version = "v0.3.0"

[[projects]]
  name = "contrib.go.opencensus.io/exporter/stackdriver"
  packages = ["propagation"]
  revision = "2b93072101d466aa4120b3c23c2e1b08af01541c"
  version = "v0.6.0"

[[projects]]
  name = "github.com/Azure/go-autorest"
  packages = ["autorest","autorest/adal","autorest/azure","autorest/azure/auth","autorest/date"]
  revision = "1f7cd6cfe0adea687ad44a512dfe76140f804318"
  version = "v10.12.0"

[[projects]]
  branch = "master"
  name = "github.com/Microsoft/ApplicationInsights-Go"
  packages = ["appinsights","appinsights/contracts"]
  revision = "d2df5d440eda5372f24fcac03839a64d6cb5f7e5"

[[projects]]
  name = "github.com/Microsoft/go-winio"
  packages = ["."]
  revision = "a6d595ae73cf27a1b8fc32930668708f45ce1c85"
  version = "v0.4.9"

[[projects]]
  name = "github.com/Shopify/sarama"
  packages = ["."]
  revision = "a6144ae922fd99dd0ea5046c8137acfb7fab0914"
  version = "v1.18.0"

[[projects]]
  name = "github.com/StackExchange/wmi"
  packages = ["."]
  revision = "5d049714c4a64225c3c79a7cf7d02f7fb5b96338"
  version = "1.0.0"

[[projects]]
  name = "github.com/aerospike/aerospike-client-go"
  packages = [".","internal/lua","internal/lua/resources","logger","pkg/bcrypt","pkg/ripemd160","types","types/atomic","types/particle_type","types/rand","utils/buffer"]
  revision = "1dc8cf203d24cd454e71ce40ab4cd0bf3112df90"
  version = "v1.27.0"

[[projects]]
  branch = "master"
  name = "github.com/alecthomas/units"
  packages = ["."]
  revision = "2efee857e7cfd4f3d0138cc3cbb1b4966962b93a"

[[projects]]
  branch = "master"
  name = "github.com/amir/raidman"
  packages = [".","proto"]
  revision = "1ccc43bfb9c93cb401a4025e49c64ba71e5e668b"

[[projects]]
  branch = "master"
  name = "github.com/apache/thrift"
  packages = ["lib/go/thrift"]
  revision = "f2867c24984aa53edec54a138c03db934221bdea"

[[projects]]
  name = "github.com/aws/aws-sdk-go"
  packages = ["aws","aws/awserr","aws/awsutil","aws/client","aws/client/metadata","aws/corehandlers","aws/credentials","aws/credentials/ec2rolecreds","aws/credentials/endpointcreds","aws/credentials/stscreds","aws/csm","aws/defaults","aws/ec2metadata","aws/endpoints","aws/request","aws/session","aws/signer/v4","internal/sdkio","internal/sdkrand","internal/sdkuri","internal/shareddefaults","private/protocol","private/protocol/json/jsonutil","private/protocol/jsonrpc","private/protocol/query","private/protocol/query/queryutil","private/protocol/rest","private/protocol/xml/xmlutil","service/cloudwatch","service/dynamodb","service/dynamodb/dynamodbattribute","service/dynamodb/dynamodbiface","service/kinesis","service/kinesis/kinesisiface","service/sts"]
  revision = "bf8067ceb6e7f51e150c218972dccfeeed892b85"
  version = "v1.15.54"

[[projects]]
  branch = "master"
  name = "github.com/beorn7/perks"
  packages = ["quantile"]
  revision = "3a771d992973f24aa725d07868b467d1ddfceafb"

[[projects]]
  name = "github.com/bsm/sarama-cluster"
  packages = ["."]
  revision = "cf455bc755fe41ac9bb2861e7a961833d9c2ecc3"
  version = "v2.1.13"

[[projects]]
  name = "github.com/caio/go-tdigest"
  packages = ["."]
  revision = "f3c8d94f65d3096ac96eda54ffcd10c0fe1477f1"
  version = "v2.3.0"

[[projects]]
  name = "github.com/cenkalti/backoff"
  packages = ["."]
  revision = "2ea60e5f094469f9e65adb9cd103795b73ae743e"
  version = "v2.0.0"

[[projects]]
  branch = "master"
  name = "github.com/cisco-ie/nx-telemetry-proto"
  packages = ["mdt_dialout","telemetry_bis"]
  revision = "82441e232cf6af9be0f808bf0c6421ee8519880e"

[[projects]]
  branch = "master"
  name = "github.com/couchbase/go-couchbase"
  packages = ["."]
  revision = "16db1f1fe037412f12738fa4d8448c549c4edd77"

[[projects]]
  branch = "master"
  name = "github.com/couchbase/gomemcached"
  packages = [".","client"]
  revision = "0da75df145308b9a4e6704d762ca9d9b77752efc"

[[projects]]
  branch = "master"
  name = "github.com/couchbase/goutils"
  packages = ["logging","scramsha"]
  revision = "e865a1461c8ac0032bd37e2d4dab3289faea3873"

[[projects]]
  name = "github.com/davecgh/go-spew"
  packages = ["spew"]
  revision = "346938d642f2ec3594ed81d874461961cd0faa76"
  version = "v1.1.0"

[[projects]]
  branch = "master"
  name = "github.com/denisenkom/go-mssqldb"
  packages = [".","internal/cp"]
  revision = "2be1aa521ff4499e74b7861a2779ba1e96e3e2c5"

[[projects]]
  name = "github.com/dgrijalva/jwt-go"
  packages = ["."]
  revision = "06ea1031745cb8b3dab3f6a236daf2b0aa468b7e"
  version = "v3.2.0"

[[projects]]
  branch = "master"
  name = "github.com/dimchansky/utfbom"
  packages = ["."]
  revision = "6c6132ff69f0f6c088739067407b5d32c52e1d0f"

[[projects]]
  name = "github.com/docker/distribution"
  packages = ["digestset","reference"]
  revision = "edc3ab29cdff8694dd6feb85cfeb4b5f1b38ed9c"

[[projects]]
  name = "github.com/docker/docker"
  packages = ["api","api/types","api/types/blkiodev","api/types/container","api/types/events","api/types/filters","api/types/image","api/types/mount","api/types/network","api/types/registry","api/types/strslice","api/types/swarm","api/types/swarm/runtime","api/types/time","api/types/versions","api/types/volume","client","pkg/stdcopy"]
  revision = "ed7b6428c133e7c59404251a09b7d6b02fa83cc2"

[[projects]]
  name = "github.com/docker/go-connections"
  packages = ["nat","sockets","tlsconfig"]
  revision = "3ede32e2033de7505e6500d6c868c2b9ed9f169d"
  version = "v0.3.0"

[[projects]]
  name = "github.com/docker/go-units"
  packages = ["."]
  revision = "47565b4f722fb6ceae66b95f853feed578a4a51c"
  version = "v0.3.3"

[[projects]]
  branch = "master"
  name = "github.com/docker/libnetwork"
  packages = ["ipvs"]
  revision = "d7b61745d16675c9f548b19f06fda80d422a74f0"

[[projects]]
  name = "github.com/eapache/go-resiliency"
  packages = ["breaker"]
  revision = "ea41b0fad31007accc7f806884dcdf3da98b79ce"
  version = "v1.1.0"

[[projects]]
  branch = "master"
  name = "github.com/eapache/go-xerial-snappy"
  packages = ["."]
  revision = "040cc1a32f578808623071247fdbd5cc43f37f5f"

[[projects]]
  name = "github.com/eapache/queue"
  packages = ["."]
  revision = "44cc805cf13205b55f69e14bcb69867d1ae92f98"
  version = "v1.1.0"

[[projects]]
  name = "github.com/eclipse/paho.mqtt.golang"
  packages = [".","packets"]
  revision = "adca289fdcf8c883800aafa545bc263452290bae"
  version = "v1.2.0"

[[projects]]
  name = "github.com/ericchiang/k8s"
  packages = [".","apis/apiextensions/v1beta1","apis/apps/v1beta1","apis/apps/v1beta2","apis/core/v1","apis/extensions/v1beta1","apis/meta/v1","apis/policy/v1beta1","apis/resource","runtime","runtime/schema","util/intstr","watch/versioned"]
  revision = "d1bbc0cffaf9849ddcae7b9efffae33e2dd52e9a"
  version = "v1.2.0"

[[projects]]
  branch = "master"
  name = "github.com/ghodss/yaml"
  packages = ["."]
  revision = "25d852aebe32c875e9c044af3eef9c7dc6bc777f"

[[projects]]
  name = "github.com/glinton/ping"
  packages = ["."]
  revision = "1983bc2fd5de3ea00aa5457bbc8774300e889db9"
  version = "v0.1.1"

[[projects]]
  name = "github.com/go-ini/ini"
  packages = ["."]
  revision = "358ee7663966325963d4e8b2e1fbd570c5195153"
  version = "v1.38.1"

[[projects]]
  name = "github.com/go-logfmt/logfmt"
  packages = ["."]
  revision = "07c9b44f60d7ffdfb7d8efe1ad539965737836dc"
  version = "v0.4.0"

[[projects]]
  name = "github.com/go-ole/go-ole"
  packages = [".","oleutil"]
  revision = "a41e3c4b706f6ae8dfbff342b06e40fa4d2d0506"
  version = "v1.2.1"

[[projects]]
  name = "github.com/go-redis/redis"
  packages = [".","internal","internal/consistenthash","internal/hashtag","internal/pool","internal/proto","internal/singleflight","internal/util"]
  revision = "83fb42932f6145ce52df09860384a4653d2d332a"
  version = "v6.12.0"

[[projects]]
  name = "github.com/go-sql-driver/mysql"
  packages = ["."]
  revision = "d523deb1b23d913de5bdada721a6071e71283618"
  version = "v1.4.0"

[[projects]]
  name = "github.com/goburrow/modbus"
  packages = ["."]
  revision = "606c02f4eef527a1d4cf7d8733d5fd7ba34f91d8"
  version = "v0.1.0"

[[projects]]
  name = "github.com/goburrow/serial"
  packages = ["."]
  revision = "5efbe925ecf714f8ba147bf2226f2e7afc7111bc"
  version = "v0.1.0"

[[projects]]
  name = "github.com/gobwas/glob"
  packages = [".","compiler","match","syntax","syntax/ast","syntax/lexer","util/runes","util/strings"]
  revision = "5ccd90ef52e1e632236f7326478d4faa74f99438"
  version = "v0.2.3"

[[projects]]
  name = "github.com/gogo/protobuf"
  packages = ["proto"]
  revision = "636bf0302bc95575d69441b25a2603156ffdddf1"
  version = "v1.1.1"

[[projects]]
  name = "github.com/golang/protobuf"
  packages = ["proto","protoc-gen-go/descriptor","ptypes","ptypes/any","ptypes/duration","ptypes/empty","ptypes/struct","ptypes/timestamp","ptypes/wrappers"]
  revision = "b4deda0973fb4c70b50d226b1af49f3da59f5265"
  version = "v1.1.0"

[[projects]]
  branch = "master"
  name = "github.com/golang/snappy"
  packages = ["."]
  revision = "2e65f85255dbc3072edf28d6b5b8efc472979f5a"

[[projects]]
  name = "github.com/google/go-cmp"
  packages = ["cmp","cmp/cmpopts","cmp/internal/diff","cmp/internal/function","cmp/internal/value"]
  revision = "3af367b6b30c263d47e8895973edcca9a49cf029"
  version = "v0.2.0"

[[projects]]
  name = "github.com/google/go-github"
  packages = ["github"]
  revision = "7462feb2032c2da9e3b85e9b04e6853a6e9e14ca"
  version = "v24.0.1"

[[projects]]
  name = "github.com/google/go-querystring"
  packages = ["query"]
  revision = "44c6ddd0a2342c386950e880b658017258da92fc"
  version = "v1.0.0"

[[projects]]
  name = "github.com/google/uuid"
  packages = ["."]
  revision = "064e2069ce9c359c118179501254f67d7d37ba24"
  version = "0.2"

[[projects]]
  name = "github.com/googleapis/gax-go"
  packages = ["."]
  revision = "317e0006254c44a0ac427cc52a0e083ff0b9622f"
  version = "v2.0.0"

[[projects]]
  name = "github.com/gorilla/context"
  packages = ["."]
  revision = "08b5f424b9271eedf6f9f0ce86cb9396ed337a42"
  version = "v1.1.1"

[[projects]]
  name = "github.com/gorilla/mux"
  packages = ["."]
  revision = "e3702bed27f0d39777b0b37b664b6280e8ef8fbf"
  version = "v1.6.2"

[[projects]]
  branch = "master"
  name = "github.com/hailocab/go-hostpool"
  packages = ["."]
  revision = "e80d13ce29ede4452c43dea11e79b9bc8a15b478"

[[projects]]
  branch = "master"
  name = "github.com/harlow/kinesis-consumer"
  packages = [".","checkpoint/ddb"]
  revision = "2f58b136fee036f5de256b81a8461cc724fdf9df"

[[projects]]
  name = "github.com/hashicorp/consul"
  packages = ["api"]
  revision = "39f93f011e591c842acc8053a7f5972aa6e592fd"
  version = "v1.2.1"

[[projects]]
  branch = "master"
  name = "github.com/hashicorp/go-cleanhttp"
  packages = ["."]
  revision = "d5fe4b57a186c716b0e00b8c301cbd9b4182694d"

[[projects]]
  branch = "master"
  name = "github.com/hashicorp/go-rootcerts"
  packages = ["."]
  revision = "6bb64b370b90e7ef1fa532be9e591a81c3493e00"

[[projects]]
  name = "github.com/hashicorp/serf"
  packages = ["coordinate"]
  revision = "d6574a5bb1226678d7010325fb6c985db20ee458"
  version = "v0.8.1"

[[projects]]
  name = "github.com/influxdata/go-syslog"
  packages = [".","nontransparent","octetcounting","rfc5424"]
  revision = "0cd00a9f0a5e5607d5ef9a294c260f77a74e3b5a"
  version = "v2.0.0"

[[projects]]
  branch = "master"
  name = "github.com/influxdata/tail"
  packages = [".","ratelimiter","util","watch","winfile"]
  revision = "c43482518d410361b6c383d7aebce33d0471d7bc"

[[projects]]
  branch = "telegraf"
  name = "github.com/influxdata/toml"
  packages = [".","ast"]
  revision = "270119a8ce653b297f12189c9099ef1409979f2b"

[[projects]]
  branch = "master"
  name = "github.com/influxdata/wlog"
  packages = ["."]
  revision = "7c63b0a71ef8300adc255344d275e10e5c3a71ec"

[[projects]]
  name = "github.com/jackc/pgx"
  packages = [".","chunkreader","internal/sanitize","pgio","pgproto3","pgtype","stdlib"]
  revision = "8faa4453fc7051d1076053f8854077753ab912f2"
  version = "v3.4.0"

[[projects]]
  name = "github.com/jmespath/go-jmespath"
  packages = ["."]
  revision = "0b12d6b5"

[[projects]]
  branch = "master"
  name = "github.com/kardianos/osext"
  packages = ["."]
  revision = "ae77be60afb1dcacde03767a8c37337fad28ac14"

[[projects]]
  branch = "master"
  name = "github.com/kardianos/service"
  packages = ["."]
  revision = "615a14ed75099c9eaac6949e22ac2341bf9d3197"

[[projects]]
  name = "github.com/karrick/godirwalk"
  packages = ["."]
  revision = "2de2192f9e35ce981c152a873ed943b93b79ced4"
  version = "v1.7.5"

[[projects]]
  branch = "master"
  name = "github.com/kballard/go-shellquote"
  packages = ["."]
  revision = "95032a82bc518f77982ea72343cc1ade730072f0"

[[projects]]
  branch = "master"
  name = "github.com/kr/logfmt"
  packages = ["."]
  revision = "b84e30acd515aadc4b783ad4ff83aff3299bdfe0"

[[projects]]
  branch = "master"
  name = "github.com/kubernetes/apimachinery"
  packages = ["pkg/api/resource"]
  revision = "d41becfba9ee9bf8e55cec1dd3934cd7cfc04b99"

[[projects]]
  branch = "develop"
  name = "github.com/leodido/ragel-machinery"
  packages = [".","parser"]
  revision = "299bdde78165d4ca4bc7d064d8d6a4f39ac6de8c"

[[projects]]
  branch = "master"
  name = "github.com/mailru/easyjson"
  packages = [".","buffer","jlexer","jwriter"]
  revision = "efc7eb8984d6655c26b5c9d2e65c024e5767c37c"

[[projects]]
  name = "github.com/matttproud/golang_protobuf_extensions"
  packages = ["pbutil"]
  revision = "c12348ce28de40eed0136aa2b644d0ee0650e56c"
  version = "v1.0.1"

[[projects]]
  name = "github.com/miekg/dns"
  packages = ["."]
  revision = "5a2b9fab83ff0f8bfc99684bd5f43a37abe560f1"
  version = "v1.0.8"

[[projects]]
  branch = "master"
  name = "github.com/mitchellh/go-homedir"
  packages = ["."]
  revision = "3864e76763d94a6df2f9960b16a20a33da9f9a66"

[[projects]]
  branch = "master"
  name = "github.com/mitchellh/mapstructure"
  packages = ["."]
  revision = "f15292f7a699fcc1a38a80977f80a046874ba8ac"

[[projects]]
  name = "github.com/multiplay/go-ts3"
  packages = ["."]
  revision = "d0d44555495c8776880a17e439399e715a4ef319"
  version = "v1.0.0"

[[projects]]
  name = "github.com/naoina/go-stringutil"
  packages = ["."]
  revision = "6b638e95a32d0c1131db0e7fe83775cbea4a0d0b"
  version = "v0.1.0"

[[projects]]
  name = "github.com/nats-io/gnatsd"
  packages = ["conf","logger","server","server/pse","util"]
  revision = "6608e9ac3be979dcb0614b772cc86a87b71acaa3"
  version = "v1.2.0"

[[projects]]
  name = "github.com/nats-io/go-nats"
  packages = [".","encoders/builtin","util"]
  revision = "062418ea1c2181f52dc0f954f6204370519a868b"
  version = "v1.5.0"

[[projects]]
  name = "github.com/nats-io/nuid"
  packages = ["."]
  revision = "289cccf02c178dc782430d534e3c1f5b72af807f"
  version = "v1.0.0"

[[projects]]
  name = "github.com/nsqio/go-nsq"
  packages = ["."]
  revision = "eee57a3ac4174c55924125bb15eeeda8cffb6e6f"
  version = "v1.0.7"

[[projects]]
  branch = "master"
  name = "github.com/openconfig/gnmi"
  packages = ["proto/gnmi","proto/gnmi_ext"]
  revision = "33a1865c302903e7a2e06f35960e6bc31e84b9f6"

[[projects]]
  name = "github.com/opencontainers/go-digest"
  packages = ["."]
  revision = "279bed98673dd5bef374d3b6e4b09e2af76183bf"
  version = "v1.0.0-rc1"

[[projects]]
  name = "github.com/opencontainers/image-spec"
  packages = ["specs-go","specs-go/v1"]
  revision = "d60099175f88c47cd379c4738d158884749ed235"
  version = "v1.0.1"

[[projects]]
  branch = "master"
  name = "github.com/opentracing-contrib/go-observer"
  packages = ["."]
  revision = "a52f2342449246d5bcc273e65cbdcfa5f7d6c63c"

[[projects]]
  name = "github.com/opentracing/opentracing-go"
  packages = [".","ext","log"]
  revision = "1949ddbfd147afd4d964a9f00b24eb291e0e7c38"
  version = "v1.0.2"

[[projects]]
  name = "github.com/openzipkin/zipkin-go-opentracing"
  packages = [".","flag","thrift/gen-go/scribe","thrift/gen-go/zipkincore","types","wire"]
  revision = "26cf9707480e6b90e5eff22cf0bbf05319154232"
  version = "v0.3.4"

[[projects]]
  name = "github.com/pierrec/lz4"
  packages = [".","internal/xxh32"]
  revision = "1958fd8fff7f115e79725b1288e0b878b3e06b00"
  version = "v2.0.3"

[[projects]]
  name = "github.com/pkg/errors"
  packages = ["."]
  revision = "645ef00459ed84a119197bfb8d8205042c6df63d"
  version = "v0.8.0"

[[projects]]
  name = "github.com/pmezard/go-difflib"
  packages = ["difflib"]
  revision = "792786c7400a136282c1664665ae0a8db921c6c2"
  version = "v1.0.0"

[[projects]]
  name = "github.com/prometheus/client_golang"
  packages = ["prometheus","prometheus/internal","prometheus/promhttp"]
  revision = "505eaef017263e299324067d40ca2c48f6a2cf50"
  version = "v0.9.2"

[[projects]]
  branch = "master"
  name = "github.com/prometheus/client_model"
  packages = ["go"]
  revision = "5c3871d89910bfb32f5fcab2aa4b9ec68e65a99f"

[[projects]]
  branch = "master"
  name = "github.com/prometheus/common"
  packages = ["expfmt","internal/bitbucket.org/ww/goautoneg","model"]
  revision = "7600349dcfe1abd18d72d3a1770870d9800a7801"

[[projects]]
  branch = "master"
  name = "github.com/prometheus/procfs"
  packages = [".","internal/util","nfs","xfs"]
  revision = "ae68e2d4c00fed4943b5f6698d504a5fe083da8a"

[[projects]]
  branch = "master"
  name = "github.com/rcrowley/go-metrics"
  packages = ["."]
  revision = "e2704e165165ec55d062f5919b4b29494e9fa790"

[[projects]]
  branch = "master"
  name = "github.com/samuel/go-zookeeper"
  packages = ["zk"]
  revision = "c4fab1ac1bec58281ad0667dc3f0907a9476ac47"

[[projects]]
  name = "github.com/satori/go.uuid"
  packages = ["."]
  revision = "f58768cc1a7a7e77a3bd49e98cdd21419399b6a3"
  version = "v1.2.0"

[[projects]]
  name = "github.com/shirou/gopsutil"
  packages = ["cpu","disk","host","internal/common","load","mem","net","process"]
  revision = "5335e3fd506df4cb63de0a8239c7461d23063be6"
  version = "v2.19.05"

[[projects]]
  branch = "master"
  name = "github.com/shirou/w32"
  packages = ["."]
  revision = "bb4de0191aa41b5507caa14b0650cdbddcd9280b"

[[projects]]
  name = "github.com/sirupsen/logrus"
  packages = ["."]
  revision = "c155da19408a8799da419ed3eeb0cb5db0ad5dbc"
  version = "v1.0.5"

[[projects]]
  branch = "master"
  name = "github.com/soniah/gosnmp"
  packages = ["."]
  revision = "96b86229e9b3ffb4b954144cdc7f98fe3ee1003f"

[[projects]]
  branch = "master"
  name = "github.com/streadway/amqp"
  packages = ["."]
  revision = "e5adc2ada8b8efff032bf61173a233d143e9318e"

[[projects]]
  name = "github.com/stretchr/objx"
  packages = ["."]
  revision = "477a77ecc69700c7cdeb1fa9e129548e1c1c393c"
  version = "v0.1.1"

[[projects]]
  name = "github.com/stretchr/testify"
  packages = ["assert","mock","require"]
  revision = "f35b8ab0b5a2cef36673838d662e249dd9c94686"
  version = "v1.2.2"

[[projects]]
  branch = "master"
  name = "github.com/tbrandon/mbserver"
  packages = ["."]
  revision = "993e1772cc62aabcd5a5b9f7b58b03dd091a86c0"

[[projects]]
  name = "github.com/tidwall/gjson"
  packages = ["."]
  revision = "d7c940e59395fdcaff4584cb442b2e7808f6711e"
  version = "v1.3.0"

[[projects]]
  branch = "master"
  name = "github.com/tidwall/match"
  packages = ["."]
  revision = "1731857f09b1f38450e2c12409748407822dc6be"

[[projects]]
  name = "github.com/tidwall/pretty"
  packages = ["."]
  revision = "1166b9ac2b65e46a43d8618d30d1554f4652d49b"
  version = "v1.0.0"

[[projects]]
  name = "github.com/vishvananda/netlink"
  packages = ["nl"]
  revision = "b2de5d10e38ecce8607e6b438b6d174f389a004e"

[[projects]]
  branch = "master"
  name = "github.com/vishvananda/netns"
  packages = ["."]
  revision = "13995c7128ccc8e51e9a6bd2b551020a27180abd"

[[projects]]
  name = "github.com/vjeantet/grok"
  packages = ["."]
  revision = "ce01e59abcf6fbc9833b7deb5e4b8ee1769bcc53"
  version = "v1.0.0"

[[projects]]
  name = "github.com/vmware/govmomi"
  packages = [".","find","list","nfc","object","performance","property","session","simulator","simulator/esx","simulator/vpx","task","view","vim25","vim25/debug","vim25/methods","vim25/mo","vim25/progress","vim25/soap","vim25/types","vim25/xml"]
  revision = "3617f28d167d448f93f282a867870f109516d2a5"
  version = "v0.19.0"

[[projects]]
  name = "github.com/wavefronthq/wavefront-sdk-go"
  packages = ["histogram","internal","senders"]
  revision = "fa87530cd02a8ad08bd179e1c39fb319a0cc0dae"
  version = "v0.9.2"

[[projects]]
  branch = "master"
  name = "github.com/wvanbergen/kafka"
  packages = ["consumergroup"]
  revision = "e2edea948ddfee841ea9a263b32ccca15f7d6c2f"

[[projects]]
  branch = "master"
  name = "github.com/wvanbergen/kazoo-go"
  packages = ["."]
  revision = "f72d8611297a7cf105da904c04198ad701a60101"

[[projects]]
  branch = "master"
  name = "github.com/yuin/gopher-lua"
  packages = [".","ast","parse","pm"]
  revision = "46796da1b0b4794e1e341883a399f12cc7574b55"

[[projects]]
  name = "go.opencensus.io"
  packages = [".","internal","internal/tagencoding","plugin/ocgrpc","plugin/ochttp","plugin/ochttp/propagation/b3","stats","stats/internal","stats/view","tag","trace","trace/internal","trace/propagation","trace/tracestate"]
  revision = "79993219becaa7e29e3b60cb67f5b8e82dee11d6"
  version = "v0.17.0"

[[projects]]
  branch = "master"
  name = "golang.org/x/crypto"
  packages = ["bcrypt","blowfish","ed25519","ed25519/internal/edwards25519","md4","pbkdf2","pkcs12","pkcs12/internal/rc2","ssh/terminal"]
  revision = "a2144134853fc9a27a7b1e3eb4f19f1a76df13c9"
  source = "https://github.com/golang/crypto.git"

[[projects]]
  branch = "master"
  name = "golang.org/x/net"
  packages = ["bpf","context","context/ctxhttp","html","html/atom","html/charset","http/httpguts","http2","http2/hpack","icmp","idna","internal/iana","internal/socket","internal/socks","internal/timeseries","ipv4","ipv6","proxy","trace","websocket"]
  revision = "a680a1efc54dd51c040b3b5ce4939ea3cf2ea0d1"
  source = "https://github.com/golang/net.git"

[[projects]]
  branch = "master"
  name = "golang.org/x/oauth2"
  packages = [".","clientcredentials","google","internal","jws","jwt"]
  revision = "d2e6202438beef2727060aa7cabdd924d92ebfd9"
  source = "https://github.com/golang/oauth2.git"

[[projects]]
  branch = "master"
  name = "golang.org/x/sync"
  packages = ["errgroup","semaphore"]
  revision = "42b317875d0fa942474b76e1b46a6060d720ae6e"
  source = "https://github.com/golang/sync.git"

[[projects]]
  branch = "master"
  name = "golang.org/x/sys"
  packages = ["unix","windows","windows/registry","windows/svc","windows/svc/debug","windows/svc/eventlog","windows/svc/mgr"]
  revision = "7c4c994c65f702f41ed7d6620a2cb34107576a77"
  source = "https://github.com/golang/sys.git"

[[projects]]
  name = "golang.org/x/text"
  packages = ["cases","collate","collate/build","encoding","encoding/charmap","encoding/htmlindex","encoding/internal","encoding/internal/identifier","encoding/japanese","encoding/korean","encoding/simplifiedchinese","encoding/traditionalchinese","encoding/unicode","internal","internal/colltab","internal/gen","internal/tag","internal/triegen","internal/ucd","internal/utf8internal","language","runes","secure/bidirule","secure/precis","transform","unicode/bidi","unicode/cldr","unicode/norm","unicode/rangetable","width"]
  revision = "f21a4dfb5e38f5895301dc265a8def02365cc3d0"
  source = "https://github.com/golang/text.git"
  version = "v0.3.0"

[[projects]]
  branch = "master"
  name = "google.golang.org/api"
  packages = ["googleapi/transport","internal","iterator","option","support/bundler","transport","transport/grpc","transport/http"]
  revision = "19ff8768a5c0b8e46ea281065664787eefc24121"

[[projects]]
  name = "google.golang.org/appengine"
  packages = [".","cloudsql","internal","internal/app_identity","internal/base","internal/datastore","internal/log","internal/modules","internal/remote_api","internal/socket","internal/urlfetch","socket","urlfetch"]
  revision = "b1f26356af11148e710935ed1ac8a7f5702c7612"
  version = "v1.1.0"

[[projects]]
  branch = "master"
  name = "google.golang.org/genproto"
  packages = ["googleapis/api/annotations","googleapis/api/distribution","googleapis/api/label","googleapis/api/metric","googleapis/api/monitoredres","googleapis/iam/v1","googleapis/monitoring/v3","googleapis/pubsub/v1","googleapis/rpc/status","protobuf/field_mask"]
  revision = "fedd2861243fd1a8152376292b921b394c7bef7e"

[[projects]]
  name = "google.golang.org/grpc"
  packages = [".","balancer","balancer/base","balancer/roundrobin","codes","connectivity","credentials","credentials/oauth","encoding","encoding/proto","grpclog","internal","internal/backoff","internal/channelz","internal/grpcrand","keepalive","metadata","naming","peer","resolver","resolver/dns","resolver/passthrough","stats","status","tap","transport"]
  revision = "168a6198bcb0ef175f7dacec0b8691fc141dc9b8"
  version = "v1.13.0"

[[projects]]
  name = "gopkg.in/asn1-ber.v1"
  packages = ["."]
  revision = "379148ca0225df7a432012b8df0355c2a2063ac0"
  version = "v1.2"

[[projects]]
  name = "gopkg.in/fatih/pool.v2"
  packages = ["."]
  revision = "010e0b745d12eaf8426c95f9c3924d81dd0b668f"
  version = "v2.0.0"

[[projects]]
  name = "gopkg.in/fsnotify.v1"
  packages = ["."]
  revision = "c2828203cd70a50dcccfb2761f8b1f8ceef9a8e9"
  source = "https://github.com/fsnotify/fsnotify/archive/v1.4.7.tar.gz"
  version = "v1.4.7"

[[projects]]
  name = "gopkg.in/gorethink/gorethink.v3"
  packages = [".","encoding","ql2","types"]
  revision = "7f5bdfd858bb064d80559b2a32b86669c5de5d3b"
  version = "v3.0.5"

[[projects]]
  name = "gopkg.in/inf.v0"
  packages = ["."]
  revision = "d2d2541c53f18d2a059457998ce2876cc8e67cbf"
  version = "v0.9.1"

[[projects]]
  name = "gopkg.in/ldap.v2"
  packages = ["."]
  revision = "bb7a9ca6e4fbc2129e3db588a34bc970ffe811a9"
  version = "v2.5.1"

[[projects]]
  branch = "v2"
  name = "gopkg.in/mgo.v2"
  packages = [".","bson","internal/json","internal/sasl","internal/scram"]
  revision = "9856a29383ce1c59f308dd1cf0363a79b5bef6b5"

[[projects]]
  name = "gopkg.in/olivere/elastic.v5"
  packages = [".","config","uritemplates"]
  revision = "52741dc2ce53629cbe1e673869040d886cba2cd5"
  version = "v5.0.70"

[[projects]]
  branch = "v1"
  name = "gopkg.in/tomb.v1"
  packages = ["."]
  revision = "dd632973f1e7218eb1089048e0798ec9ae7dceb8"

[[projects]]
  name = "gopkg.in/yaml.v2"
  packages = ["."]
  revision = "5420a8b6744d3b0345ab293f6fcba19c978f1183"
  version = "v2.2.1"

[solve-meta]
  analyzer-name = "dep"
  analyzer-version = 1
  inputs-digest = "1b4ca0737ea1e6ddde5ccd618ecd02cff139da1a6b903d066086902f9108282d"
  solver-name = "gps-cdcl"
  solver-version = 1
