# This file is autogenerated, do not edit; changes may be undone by the next 'dep ensure'.


[[projects]]
  name = "collectd.org"
  packages = ["api","cdtime","network"]
  revision = "2ce144541b8903101fb8f1483cc0497a68798122"
  version = "v0.3.0"

[[projects]]
  name = "github.com/Microsoft/go-winio"
  packages = ["."]
  revision = "ce2922f643c8fd76b46cadc7f404a06282678b34"

[[projects]]
  name = "github.com/Shopify/sarama"
  packages = ["."]
  revision = "3b1b38866a79f06deddf0487d5c27ba0697ccd65"
  version = "v1.15.0"

[[projects]]
  name = "github.com/Sirupsen/logrus"
  packages = ["."]
  revision = "61e43dc76f7ee59a82bdf3d71033dc12bea4c77d"

[[projects]]
  name = "github.com/StackExchange/wmi"
  packages = ["."]
  revision = "f3e2bae1e0cb5aef83e319133eabfee30013a4a5"

[[projects]]
  name = "github.com/aerospike/aerospike-client-go"
  packages = [".","internal/lua","internal/lua/resources","logger","pkg/bcrypt","pkg/ripemd160","types","types/atomic","types/particle_type","types/rand","utils/buffer"]
  revision = "95e1ad7791bdbca44707fedbb29be42024900d9c"
  version = "v1.24.0"

[[projects]]
  name = "github.com/amir/raidman"
  packages = [".","proto"]
  revision = "c74861fe6a7bb8ede0a010ce4485bdbb4fc4c985"

[[projects]]
  name = "github.com/apache/thrift"
  packages = ["lib/go/thrift"]
  revision = "4aaa92ece8503a6da9bc6701604f69acf2b99d07"

[[projects]]
  name = "github.com/aws/aws-sdk-go"
  packages = ["aws","aws/awserr","aws/awsutil","aws/client","aws/client/metadata","aws/corehandlers","aws/credentials","aws/credentials/ec2rolecreds","aws/credentials/endpointcreds","aws/credentials/stscreds","aws/defaults","aws/ec2metadata","aws/endpoints","aws/request","aws/session","aws/signer/v4","internal/shareddefaults","private/protocol","private/protocol/json/jsonutil","private/protocol/jsonrpc","private/protocol/query","private/protocol/query/queryutil","private/protocol/rest","private/protocol/xml/xmlutil","service/cloudwatch","service/kinesis","service/sts"]
  revision = "c861d27d0304a79f727e9a8a4e2ac1e74602fdc0"
  version = "v1.8.39"

[[projects]]
  branch = "master"
  name = "github.com/beorn7/perks"
  packages = ["quantile"]
  revision = "4c0e84591b9aa9e6dcfdf3e020114cd81f89d5f9"

[[projects]]
  name = "github.com/bsm/sarama-cluster"
  packages = ["."]
  revision = "abf039439f66c1ce78017f560b490612552f6472"
  version = "v2.1.10"

[[projects]]
  name = "github.com/cenkalti/backoff"
  packages = ["."]
  revision = "b02f2bbce11d7ea6b97f282ef1771b0fe2f65ef3"

[[projects]]
  name = "github.com/couchbase/go-couchbase"
  packages = ["."]
  revision = "bfe555a140d53dc1adf390f1a1d4b0fd4ceadb28"

[[projects]]
  name = "github.com/couchbase/gomemcached"
  packages = [".","client"]
  revision = "4a25d2f4e1dea9ea7dd76dfd943407abf9b07d29"

[[projects]]
  name = "github.com/couchbase/goutils"
  packages = ["logging"]
  revision = "5823a0cbaaa9008406021dc5daf80125ea30bba6"

[[projects]]
  name = "github.com/davecgh/go-spew"
  packages = ["spew"]
  revision = "346938d642f2ec3594ed81d874461961cd0faa76"
  version = "v1.1.0"

[[projects]]
  name = "github.com/dgrijalva/jwt-go"
  packages = ["."]
  revision = "dbeaa9332f19a944acb5736b4456cfcc02140e29"
  version = "v3.1.0"

[[projects]]
  name = "github.com/docker/distribution"
  packages = ["digest","reference"]
  revision = "48294d928ced5dd9b378f7fd7c6f5da3ff3f2c89"
  version = "v2.6.2"

[[projects]]
  name = "github.com/docker/docker"
  packages = ["api/types","api/types/blkiodev","api/types/container","api/types/events","api/types/filters","api/types/mount","api/types/network","api/types/reference","api/types/registry","api/types/strslice","api/types/swarm","api/types/time","api/types/versions","api/types/volume","client","pkg/tlsconfig"]
  revision = "f5ec1e2936dcbe7b5001c2b817188b095c700c27"
  version = "v17.03.2-ce"

[[projects]]
  name = "github.com/docker/go-connections"
  packages = ["nat","sockets","tlsconfig"]
  revision = "990a1a1a70b0da4c4cb70e117971a4f0babfbf1a"
  version = "v0.2.1"

[[projects]]
  name = "github.com/docker/go-units"
  packages = ["."]
  revision = "0dadbb0345b35ec7ef35e228dabb8de89a65bf52"
  version = "v0.3.2"

[[projects]]
  name = "github.com/eapache/go-resiliency"
  packages = ["breaker"]
  revision = "b86b1ec0dd4209a588dc1285cdd471e73525c0b3"

[[projects]]
  branch = "master"
  name = "github.com/eapache/go-xerial-snappy"
  packages = ["."]
  revision = "bb955e01b9346ac19dc29eb16586c90ded99a98c"

[[projects]]
  name = "github.com/eapache/queue"
  packages = ["."]
  revision = "44cc805cf13205b55f69e14bcb69867d1ae92f98"
  version = "v1.1.0"

[[projects]]
  name = "github.com/eclipse/paho.mqtt.golang"
  packages = [".","packets"]
  revision = "d4f545eb108a2d19f9b1a735689dbfb719bc21fb"

[[projects]]
  name = "github.com/go-ini/ini"
  packages = ["."]
  revision = "9144852efba7c4daf409943ee90767da62d55438"
  version = "v1.19.1"

[[projects]]
  name = "github.com/go-logfmt/logfmt"
  packages = ["."]
  revision = "390ab7935ee28ec6b286364bba9b4dd6410cb3d5"
  version = "v0.3.0"

[[projects]]
  name = "github.com/go-ole/go-ole"
  packages = [".","oleutil"]
  revision = "be49f7c07711fcb603cff39e1de7c67926dc0ba7"

[[projects]]
  name = "github.com/go-sql-driver/mysql"
  packages = ["."]
  revision = "2e00b5cd70399450106cec6431c2e2ce3cae5034"

[[projects]]
  name = "github.com/gobwas/glob"
  packages = [".","compiler","match","syntax","syntax/ast","syntax/lexer","util/runes","util/strings"]
  revision = "bea32b9cd2d6f55753d94a28e959b13f0244797a"
  version = "v0.2.2"

[[projects]]
  name = "github.com/gogo/protobuf"
  packages = ["proto"]
  revision = "7b6c6391c4ff245962047fc1e2c6e08b1cdfa0e8"

[[projects]]
  name = "github.com/golang/protobuf"
  packages = ["proto"]
  revision = "8ee79997227bf9b34611aee7946ae64735e6fd93"

[[projects]]
  name = "github.com/golang/snappy"
  packages = ["."]
  revision = "7db9049039a047d955fe8c19b83c8ff5abd765c7"

[[projects]]
  name = "github.com/google/go-cmp"
  packages = ["cmp","cmp/internal/diff","cmp/internal/value"]
  revision = "f94e52cad91c65a63acc1e75d4be223ea22e99bc"

[[projects]]
  name = "github.com/gorilla/context"
  packages = ["."]
  revision = "1ea25387ff6f684839d82767c1733ff4d4d15d0a"
  version = "v1.1"

[[projects]]
  name = "github.com/gorilla/mux"
  packages = ["."]
  revision = "392c28fe23e1c45ddba891b0320b3b5df220beea"
  version = "v1.3.0"

[[projects]]
  branch = "master"
  name = "github.com/hailocab/go-hostpool"
  packages = ["."]
  revision = "e80d13ce29ede4452c43dea11e79b9bc8a15b478"

[[projects]]
  name = "github.com/hashicorp/consul"
  packages = ["api"]
  revision = "63d2fc68239b996096a1c55a0d4b400ea4c2583f"

[[projects]]
  branch = "master"
  name = "github.com/hashicorp/go-cleanhttp"
  packages = ["."]
  revision = "06c9ea3a335b7443026f8124b22619524420291b"

[[projects]]
  name = "github.com/hashicorp/serf"
  packages = ["coordinate"]
  revision = "d6574a5bb1226678d7010325fb6c985db20ee458"
  version = "v0.8.1"

[[projects]]
  branch = "master"
  name = "github.com/influxdata/tail"
  packages = [".","ratelimiter","util","watch","winfile"]
  revision = "a395bf99fe07c233f41fba0735fa2b13b58588ea"

[[projects]]
  branch = "master"
  name = "github.com/influxdata/toml"
  packages = [".","ast"]
  revision = "5d1d907f22ead1cd47adde17ceec5bda9cacaf8f"

[[projects]]
  branch = "master"
  name = "github.com/influxdata/wlog"
  packages = ["."]
  revision = "7c63b0a71ef8300adc255344d275e10e5c3a71ec"

[[projects]]
  name = "github.com/jackc/pgx"
  packages = [".","chunkreader","internal/sanitize","pgio","pgproto3","pgtype","stdlib"]
  revision = "63f58fd32edb5684b9e9f4cfaac847c6b42b3917"

[[projects]]
  name = "github.com/jmespath/go-jmespath"
  packages = ["."]
  revision = "bd40a432e4c76585ef6b72d3fd96fb9b6dc7b68d"

[[projects]]
  name = "github.com/kardianos/osext"
  packages = ["."]
  revision = "c2c54e542fb797ad986b31721e1baedf214ca413"

[[projects]]
  name = "github.com/kardianos/service"
  packages = ["."]
  revision = "6d3a0ee7d3425d9d835debc51a0ca1ffa28f4893"

[[projects]]
  name = "github.com/kballard/go-shellquote"
  packages = ["."]
  revision = "d8ec1a69a250a17bb0e419c386eac1f3711dc142"

[[projects]]
  branch = "master"
  name = "github.com/kr/logfmt"
  packages = ["."]
  revision = "b84e30acd515aadc4b783ad4ff83aff3299bdfe0"

[[projects]]
  branch = "master"
  name = "github.com/matttproud/golang_protobuf_extensions"
  packages = ["pbutil"]
  revision = "c12348ce28de40eed0136aa2b644d0ee0650e56c"

[[projects]]
  name = "github.com/miekg/dns"
  packages = ["."]
  revision = "99f84ae56e75126dd77e5de4fae2ea034a468ca1"

[[projects]]
  name = "github.com/mitchellh/mapstructure"
  packages = ["."]
  revision = "d0303fe809921458f417bcf828397a65db30a7e4"

[[projects]]
  name = "github.com/multiplay/go-ts3"
  packages = ["."]
  revision = "07477f49b8dfa3ada231afc7b7b17617d42afe8e"

[[projects]]
  name = "github.com/naoina/go-stringutil"
  packages = ["."]
  revision = "6b638e95a32d0c1131db0e7fe83775cbea4a0d0b"
  version = "v0.1.0"

[[projects]]
  name = "github.com/nats-io/go-nats"
  packages = ["encoders/builtin","util"]
  revision = "ea9585611a4ab58a205b9b125ebd74c389a6b898"

[[projects]]
  name = "github.com/nats-io/nats"
  packages = ["."]
  revision = "ea9585611a4ab58a205b9b125ebd74c389a6b898"

[[projects]]
  name = "github.com/nats-io/nuid"
  packages = ["."]
  revision = "289cccf02c178dc782430d534e3c1f5b72af807f"
  version = "v1.0.0"

[[projects]]
  name = "github.com/nsqio/go-nsq"
  packages = ["."]
  revision = "eee57a3ac4174c55924125bb15eeeda8cffb6e6f"
  version = "v1.0.7"

[[projects]]
  name = "github.com/opencontainers/runc"
  packages = ["libcontainer/user"]
  revision = "89ab7f2ccc1e45ddf6485eaa802c35dcf321dfc8"

[[projects]]
  branch = "master"
  name = "github.com/opentracing-contrib/go-observer"
  packages = ["."]
  revision = "a52f2342449246d5bcc273e65cbdcfa5f7d6c63c"

[[projects]]
  name = "github.com/opentracing/opentracing-go"
  packages = [".","ext","log"]
  revision = "06f47b42c792fef2796e9681353e1d908c417827"

[[projects]]
  name = "github.com/openzipkin/zipkin-go-opentracing"
  packages = [".","_thrift/gen-go/scribe","_thrift/gen-go/zipkincore","flag","types","wire"]
  revision = "1cafbdfde94fbf2b373534764e0863aa3bd0bf7b"

[[projects]]
  name = "github.com/pierrec/lz4"
  packages = ["."]
  revision = "5c9560bfa9ace2bf86080bf40d46b34ae44604df"
  version = "v1.0"

[[projects]]
  name = "github.com/pierrec/xxHash"
  packages = ["xxHash32"]
  revision = "5a004441f897722c627870a981d02b29924215fa"

[[projects]]
  name = "github.com/pkg/errors"
  packages = ["."]
  revision = "645ef00459ed84a119197bfb8d8205042c6df63d"
  version = "v0.8.0"

[[projects]]
  name = "github.com/pmezard/go-difflib"
  packages = ["difflib"]
  revision = "792786c7400a136282c1664665ae0a8db921c6c2"
  version = "v1.0.0"

[[projects]]
  name = "github.com/prometheus/client_golang"
  packages = ["prometheus","prometheus/promhttp"]
  revision = "c317fb74746eac4fc65fe3909195f4cf67c5562a"

[[projects]]
  name = "github.com/prometheus/client_model"
  packages = ["go"]
  revision = "fa8ad6fec33561be4280a8f0514318c79d7f6cb6"

[[projects]]
  name = "github.com/prometheus/common"
  packages = ["expfmt","internal/bitbucket.org/ww/goautoneg","model"]
  revision = "dd2f054febf4a6c00f2343686efb775948a8bff4"

[[projects]]
  name = "github.com/prometheus/procfs"
  packages = ["."]
  revision = "1878d9fbb537119d24b21ca07effd591627cd160"

[[projects]]
  name = "github.com/rcrowley/go-metrics"
  packages = ["."]
  revision = "1f30fe9094a513ce4c700b9a54458bbb0c96996c"

[[projects]]
  name = "github.com/samuel/go-zookeeper"
  packages = ["zk"]
  revision = "1d7be4effb13d2d908342d349d71a284a7542693"

[[projects]]
  branch = "master"
  name = "github.com/satori/go.uuid"
  packages = ["."]
  revision = "5bf94b69c6b68ee1b541973bb8e1144db23a194b"

[[projects]]
  name = "github.com/shirou/gopsutil"
  packages = ["cpu","disk","host","internal/common","load","mem","net","process"]
  revision = "384a55110aa5ae052eb93ea94940548c1e305a99"

[[projects]]
  name = "github.com/shirou/w32"
  packages = ["."]
  revision = "3c9377fc6748f222729a8270fe2775d149a249ad"

[[projects]]
  name = "github.com/soniah/gosnmp"
  packages = ["."]
  revision = "5ad50dc75ab389f8a1c9f8a67d3a1cd85f67ed15"

[[projects]]
  name = "github.com/streadway/amqp"
  packages = ["."]
  revision = "63795daa9a446c920826655f26ba31c81c860fd6"

[[projects]]
  branch = "master"
  name = "github.com/stretchr/objx"
  packages = ["."]
  revision = "1a9d0bb9f541897e62256577b352fdbc1fb4fd94"

[[projects]]
  name = "github.com/stretchr/testify"
  packages = ["assert","mock","require"]
  revision = "4d4bfba8f1d1027c4fdbe371823030df51419987"

[[projects]]
  name = "github.com/vjeantet/grok"
  packages = ["."]
  revision = "d73e972b60935c7fec0b4ffbc904ed39ecaf7efe"

[[projects]]
  name = "github.com/wvanbergen/kafka"
  packages = ["consumergroup"]
  revision = "bc265fedb9ff5b5c5d3c0fdcef4a819b3523d3ee"

[[projects]]
  name = "github.com/wvanbergen/kazoo-go"
  packages = ["."]
  revision = "968957352185472eacb69215fa3dbfcfdbac1096"

[[projects]]
  name = "github.com/yuin/gopher-lua"
  packages = [".","ast","parse","pm"]
  revision = "66c871e454fcf10251c61bf8eff02d0978cae75a"

[[projects]]
  name = "github.com/zensqlmonitor/go-mssqldb"
  packages = ["."]
  revision = "ffe5510c6fa5e15e6d983210ab501c815b56b363"

[[projects]]
  name = "golang.org/x/crypto"
  packages = ["md4","pbkdf2"]
  revision = "dc137beb6cce2043eb6b5f223ab8bf51c32459f4"

[[projects]]
  name = "golang.org/x/net"
  packages = ["context","context/ctxhttp","html","html/atom","html/charset","proxy","websocket"]
  revision = "f2499483f923065a842d38eb4c7f1927e6fc6e6d"

[[projects]]
  name = "golang.org/x/sys"
  packages = ["unix","windows","windows/registry","windows/svc","windows/svc/eventlog","windows/svc/mgr"]
  revision = "739734461d1c916b6c72a63d7efda2b27edb369f"

[[projects]]
  name = "golang.org/x/text"
  packages = ["encoding","encoding/charmap","encoding/htmlindex","encoding/internal","encoding/internal/identifier","encoding/japanese","encoding/korean","encoding/simplifiedchinese","encoding/traditionalchinese","encoding/unicode","internal/gen","internal/tag","internal/utf8internal","language","runes","transform","unicode/cldr"]
  revision = "506f9d5c962f284575e88337e7d9296d27e729d3"

[[projects]]
  name = "gopkg.in/asn1-ber.v1"
  packages = ["."]
  revision = "4e86f4367175e39f69d9358a5f17b4dda270378d"
  version = "v1.1"

[[projects]]
  name = "gopkg.in/fatih/pool.v2"
  packages = ["."]
  revision = "6e328e67893eb46323ad06f0e92cb9536babbabc"

[[projects]]
  name = "gopkg.in/fsnotify.v1"
  packages = ["."]
  revision = "a8a77c9133d2d6fd8334f3260d06f60e8d80a5fb"
  version = "v1.3.1"

[[projects]]
  name = "gopkg.in/gorethink/gorethink.v3"
  packages = [".","encoding","ql2","types"]
  revision = "7ab832f7b65573104a555d84a27992ae9ea1f659"
  version = "v3.0.2"

[[projects]]
  name = "gopkg.in/ldap.v2"
  packages = ["."]
  revision = "8168ee085ee43257585e50c6441aadf54ecb2c9f"
  version = "v2.5.0"

[[projects]]
  branch = "v2"
  name = "gopkg.in/mgo.v2"
  packages = [".","bson","internal/json","internal/sasl","internal/scram"]
  revision = "3f83fa5005286a7fe593b055f0d7771a7dce4655"

[[projects]]
  name = "gopkg.in/olivere/elastic.v5"
  packages = [".","uritemplates"]
  revision = "3113f9b9ad37509fe5f8a0e5e91c96fdc4435e26"
  version = "v5.0.41"

[[projects]]
  branch = "v1"
  name = "gopkg.in/tomb.v1"
  packages = ["."]
  revision = "dd632973f1e7218eb1089048e0798ec9ae7dceb8"

[[projects]]
  name = "gopkg.in/yaml.v2"
  packages = ["."]
  revision = "4c78c975fe7c825c6d1466c42be594d1d6f3aba6"

[solve-meta]
  analyzer-name = "dep"
  analyzer-version = 1
  inputs-digest = "34b17d985aca956a081ea2e6dbad8a3109b44705e9bd98384530f7db18440874"
  solver-name = "gps-cdcl"
  solver-version = 1
